
Microsoft Visual Studio Solution File, Format Version 12.00
# Visual Studio Version 16
VisualStudioVersion = 16.0.33927.289
MinimumVisualStudioVersion = 10.0.40219.1
Project("{FAE04EC0-301F-11D3-BF4B-00C04F79EFBC}") = "projetoAlugaMesa", "projetoAlugaMesa\projetoAlugaMesa.csproj", "{885C7D69-5B03-4229-A95E-4E9F3723B8CA}"
EndProject
Global
	GlobalSection(SolutionConfigurationPlatforms) = preSolution
		Debug|Any CPU = Debug|Any CPU
		Debug|x64 = Debug|x64
		Release|Any CPU = Release|Any CPU
		Release|x64 = Release|x64
	EndGlobalSection
	GlobalSection(ProjectConfigurationPlatforms) = postSolution
		{885C7D69-5B03-4229-A95E-4E9F3723B8CA}.Debug|Any CPU.ActiveCfg = Debug|Any CPU
		{885C7D69-5B03-4229-A95E-4E9F3723B8CA}.Debug|Any CPU.Build.0 = Debug|Any CPU
		{885C7D69-5B03-4229-A95E-4E9F3723B8CA}.Debug|x64.ActiveCfg = Debug|x64
		{885C7D69-5B03-4229-A95E-4E9F3723B8CA}.Debug|x64.Build.0 = Debug|x64
		{885C7D69-5B03-4229-A95E-4E9F3723B8CA}.Release|Any CPU.ActiveCfg = Release|Any CPU
		{885C7D69-5B03-4229-A95E-4E9F3723B8CA}.Release|Any CPU.Build.0 = Release|Any CPU
		{885C7D69-5B03-4229-A95E-4E9F3723B8CA}.Release|x64.ActiveCfg = Release|x64
		{885C7D69-5B03-4229-A95E-4E9F3723B8CA}.Release|x64.Build.0 = Release|x64
	EndGlobalSection
	GlobalSection(SolutionProperties) = preSolution
		HideSolutionNode = FALSE
	EndGlobalSection
	GlobalSection(ExtensibilityGlobals) = postSolution
		SolutionGuid = {1A7D3A2B-47EE-4D0E-97E3-3BA0D4189691}
	EndGlobalSection
EndGlobal
