
Microsoft Visual Studio Solution File, Format Version 12.00
# Visual Studio Version 16
VisualStudioVersion = 16.0.33927.289
MinimumVisualStudioVersion = 10.0.40219.1
Project("{FAE04EC0-301F-11D3-BF4B-00C04F79EFBC}") = "WebCam", "WebCam\WebCam.csproj", "{AB3884F6-621F-420C-A950-5BE0429924C3}"
EndProject
Global
	GlobalSection(SolutionConfigurationPlatforms) = preSolution
		Debug|Any CPU = Debug|Any CPU
		Release|Any CPU = Release|Any CPU
	EndGlobalSection
	GlobalSection(ProjectConfigurationPlatforms) = postSolution
		{AB3884F6-621F-420C-A950-5BE0429924C3}.Debug|Any CPU.ActiveCfg = Debug|Any CPU
		{AB3884F6-621F-420C-A950-5BE0429924C3}.Debug|Any CPU.Build.0 = Debug|Any CPU
		{AB3884F6-621F-420C-A950-5BE0429924C3}.Release|Any CPU.ActiveCfg = Release|Any CPU
		{AB3884F6-621F-420C-A950-5BE0429924C3}.Release|Any CPU.Build.0 = Release|Any CPU
	EndGlobalSection
	GlobalSection(SolutionProperties) = preSolution
		HideSolutionNode = FALSE
	EndGlobalSection
	GlobalSection(ExtensibilityGlobals) = postSolution
		SolutionGuid = {48A2EA47-7A4C-4EF6-AD04-1100BA701B76}
	EndGlobalSection
EndGlobal
